
Microsoft Visual Studio Solution File, Format Version 12.00
# Visual Studio Version 16
VisualStudioVersion = 16.0.30804.86
MinimumVisualStudioVersion = 10.0.40219.1
Project("{FAE04EC0-301F-11D3-BF4B-00C04F79EFBC}") = "testapp01", "testapp01\testapp01.csproj", "{A006E3FE-8969-4D0B-B76B-40E964D89244}"
EndProject
Global
	GlobalSection(SolutionConfigurationPlatforms) = preSolution
		Debug|Any CPU = Debug|Any CPU
		Release|Any CPU = Release|Any CPU
	EndGlobalSection
	GlobalSection(ProjectConfigurationPlatforms) = postSolution
		{A006E3FE-8969-4D0B-B76B-40E964D89244}.Debug|Any CPU.ActiveCfg = Debug|Any CPU
		{A006E3FE-8969-4D0B-B76B-40E964D89244}.Debug|Any CPU.Build.0 = Debug|Any CPU
		{A006E3FE-8969-4D0B-B76B-40E964D89244}.Release|Any CPU.ActiveCfg = Release|Any CPU
		{A006E3FE-8969-4D0B-B76B-40E964D89244}.Release|Any CPU.Build.0 = Release|Any CPU
	EndGlobalSection
	GlobalSection(SolutionProperties) = preSolution
		HideSolutionNode = FALSE
	EndGlobalSection
	GlobalSection(ExtensibilityGlobals) = postSolution
		SolutionGuid = {216E11EF-CEB3-4E06-B09C-6FB90C535F44}
	EndGlobalSection
EndGlobal
