
Microsoft Visual Studio Solution File, Format Version 12.00
# Visual Studio Version 16
VisualStudioVersion = 16.0.30804.86
MinimumVisualStudioVersion = 10.0.40219.1
Project("{FAE04EC0-301F-11D3-BF4B-00C04F79EFBC}") = "CodeAdventureDay3_pt_02", "CodeAdventureDay3_pt_02\CodeAdventureDay3_pt_02.csproj", "{439FF06A-98BC-46FF-A010-ED9B50D31086}"
EndProject
Global
	GlobalSection(SolutionConfigurationPlatforms) = preSolution
		Debug|Any CPU = Debug|Any CPU
		Release|Any CPU = Release|Any CPU
	EndGlobalSection
	GlobalSection(ProjectConfigurationPlatforms) = postSolution
		{439FF06A-98BC-46FF-A010-ED9B50D31086}.Debug|Any CPU.ActiveCfg = Debug|Any CPU
		{439FF06A-98BC-46FF-A010-ED9B50D31086}.Debug|Any CPU.Build.0 = Debug|Any CPU
		{439FF06A-98BC-46FF-A010-ED9B50D31086}.Release|Any CPU.ActiveCfg = Release|Any CPU
		{439FF06A-98BC-46FF-A010-ED9B50D31086}.Release|Any CPU.Build.0 = Release|Any CPU
	EndGlobalSection
	GlobalSection(SolutionProperties) = preSolution
		HideSolutionNode = FALSE
	EndGlobalSection
	GlobalSection(ExtensibilityGlobals) = postSolution
		SolutionGuid = {806CE4F1-D369-422C-A87F-16DCC4925915}
	EndGlobalSection
EndGlobal
