
Microsoft Visual Studio Solution File, Format Version 12.00
# Visual Studio Version 16
VisualStudioVersion = 16.0.31205.134
MinimumVisualStudioVersion = 10.0.40219.1
Project("{FAE04EC0-301F-11D3-BF4B-00C04F79EFBC}") = "seleniumTest", "seleniumTest\seleniumTest.csproj", "{7AF869CF-434D-4A91-B76A-32FBB1447CD6}"
EndProject
Global
	GlobalSection(SolutionConfigurationPlatforms) = preSolution
		Debug|Any CPU = Debug|Any CPU
		Release|Any CPU = Release|Any CPU
	EndGlobalSection
	GlobalSection(ProjectConfigurationPlatforms) = postSolution
		{7AF869CF-434D-4A91-B76A-32FBB1447CD6}.Debug|Any CPU.ActiveCfg = Debug|Any CPU
		{7AF869CF-434D-4A91-B76A-32FBB1447CD6}.Debug|Any CPU.Build.0 = Debug|Any CPU
		{7AF869CF-434D-4A91-B76A-32FBB1447CD6}.Release|Any CPU.ActiveCfg = Release|Any CPU
		{7AF869CF-434D-4A91-B76A-32FBB1447CD6}.Release|Any CPU.Build.0 = Release|Any CPU
	EndGlobalSection
	GlobalSection(SolutionProperties) = preSolution
		HideSolutionNode = FALSE
	EndGlobalSection
	GlobalSection(ExtensibilityGlobals) = postSolution
		SolutionGuid = {FCE36DF5-5AF2-4528-A8D0-375EC4A09B57}
	EndGlobalSection
EndGlobal
