
Microsoft Visual Studio Solution File, Format Version 12.00
# Visual Studio Version 16
VisualStudioVersion = 16.0.30804.86
MinimumVisualStudioVersion = 10.0.40219.1
Project("{FAE04EC0-301F-11D3-BF4B-00C04F79EFBC}") = "ExcelDataTest", "ExcelDataTest\ExcelDataTest.csproj", "{2E324B4C-F5AF-4498-A70A-ED04EC9BF9FD}"
EndProject
Global
	GlobalSection(SolutionConfigurationPlatforms) = preSolution
		Debug|Any CPU = Debug|Any CPU
		Release|Any CPU = Release|Any CPU
	EndGlobalSection
	GlobalSection(ProjectConfigurationPlatforms) = postSolution
		{2E324B4C-F5AF-4498-A70A-ED04EC9BF9FD}.Debug|Any CPU.ActiveCfg = Debug|Any CPU
		{2E324B4C-F5AF-4498-A70A-ED04EC9BF9FD}.Debug|Any CPU.Build.0 = Debug|Any CPU
		{2E324B4C-F5AF-4498-A70A-ED04EC9BF9FD}.Release|Any CPU.ActiveCfg = Release|Any CPU
		{2E324B4C-F5AF-4498-A70A-ED04EC9BF9FD}.Release|Any CPU.Build.0 = Release|Any CPU
	EndGlobalSection
	GlobalSection(SolutionProperties) = preSolution
		HideSolutionNode = FALSE
	EndGlobalSection
	GlobalSection(ExtensibilityGlobals) = postSolution
		SolutionGuid = {89702B02-EDBC-4241-9040-ED0EE896AE5D}
	EndGlobalSection
EndGlobal
