
Microsoft Visual Studio Solution File, Format Version 12.00
# Visual Studio Version 16
VisualStudioVersion = 16.0.30804.86
MinimumVisualStudioVersion = 10.0.40219.1
Project("{FAE04EC0-301F-11D3-BF4B-00C04F79EFBC}") = "MyNotes", "MyNotes\MyNotes.csproj", "{B67070E5-EDC8-4A1E-984F-76E2FCD6D5CD}"
EndProject
Global
	GlobalSection(SolutionConfigurationPlatforms) = preSolution
		Debug|Any CPU = Debug|Any CPU
		Release|Any CPU = Release|Any CPU
	EndGlobalSection
	GlobalSection(ProjectConfigurationPlatforms) = postSolution
		{B67070E5-EDC8-4A1E-984F-76E2FCD6D5CD}.Debug|Any CPU.ActiveCfg = Debug|Any CPU
		{B67070E5-EDC8-4A1E-984F-76E2FCD6D5CD}.Debug|Any CPU.Build.0 = Debug|Any CPU
		{B67070E5-EDC8-4A1E-984F-76E2FCD6D5CD}.Release|Any CPU.ActiveCfg = Release|Any CPU
		{B67070E5-EDC8-4A1E-984F-76E2FCD6D5CD}.Release|Any CPU.Build.0 = Release|Any CPU
	EndGlobalSection
	GlobalSection(SolutionProperties) = preSolution
		HideSolutionNode = FALSE
	EndGlobalSection
	GlobalSection(ExtensibilityGlobals) = postSolution
		SolutionGuid = {27A38CAE-A4E7-4AAE-A48D-9094EE086384}
	EndGlobalSection
EndGlobal
