
Microsoft Visual Studio Solution File, Format Version 12.00
# Visual Studio Version 16
VisualStudioVersion = 16.0.30804.86
MinimumVisualStudioVersion = 10.0.40219.1
Project("{FAE04EC0-301F-11D3-BF4B-00C04F79EFBC}") = "MilutoLearning", "MilutoLearning\MilutoLearning.csproj", "{35C6BBB4-B15B-4BE2-A764-915624454995}"
EndProject
Global
	GlobalSection(SolutionConfigurationPlatforms) = preSolution
		Debug|Any CPU = Debug|Any CPU
		Release|Any CPU = Release|Any CPU
	EndGlobalSection
	GlobalSection(ProjectConfigurationPlatforms) = postSolution
		{35C6BBB4-B15B-4BE2-A764-915624454995}.Debug|Any CPU.ActiveCfg = Debug|Any CPU
		{35C6BBB4-B15B-4BE2-A764-915624454995}.Debug|Any CPU.Build.0 = Debug|Any CPU
		{35C6BBB4-B15B-4BE2-A764-915624454995}.Release|Any CPU.ActiveCfg = Release|Any CPU
		{35C6BBB4-B15B-4BE2-A764-915624454995}.Release|Any CPU.Build.0 = Release|Any CPU
	EndGlobalSection
	GlobalSection(SolutionProperties) = preSolution
		HideSolutionNode = FALSE
	EndGlobalSection
	GlobalSection(ExtensibilityGlobals) = postSolution
		SolutionGuid = {126BF2C2-7A59-4580-8E44-1C515F5F01BA}
	EndGlobalSection
EndGlobal
