
Microsoft Visual Studio Solution File, Format Version 12.00
# Visual Studio Version 16
VisualStudioVersion = 16.0.30804.86
MinimumVisualStudioVersion = 10.0.40219.1
Project("{FAE04EC0-301F-11D3-BF4B-00C04F79EFBC}") = "ConsoleAppExcel", "ConsoleAppExcel\ConsoleAppExcel.csproj", "{97D535FF-1437-47D4-9EDE-8D1E696B4046}"
EndProject
Global
	GlobalSection(SolutionConfigurationPlatforms) = preSolution
		Debug|Any CPU = Debug|Any CPU
		Release|Any CPU = Release|Any CPU
	EndGlobalSection
	GlobalSection(ProjectConfigurationPlatforms) = postSolution
		{97D535FF-1437-47D4-9EDE-8D1E696B4046}.Debug|Any CPU.ActiveCfg = Debug|Any CPU
		{97D535FF-1437-47D4-9EDE-8D1E696B4046}.Debug|Any CPU.Build.0 = Debug|Any CPU
		{97D535FF-1437-47D4-9EDE-8D1E696B4046}.Release|Any CPU.ActiveCfg = Release|Any CPU
		{97D535FF-1437-47D4-9EDE-8D1E696B4046}.Release|Any CPU.Build.0 = Release|Any CPU
	EndGlobalSection
	GlobalSection(SolutionProperties) = preSolution
		HideSolutionNode = FALSE
	EndGlobalSection
	GlobalSection(ExtensibilityGlobals) = postSolution
		SolutionGuid = {85118A50-D7EA-4FF2-BA57-399EE5590797}
	EndGlobalSection
EndGlobal
