
Microsoft Visual Studio Solution File, Format Version 12.00
# Visual Studio Version 16
VisualStudioVersion = 16.0.30804.86
MinimumVisualStudioVersion = 10.0.40219.1
Project("{FAE04EC0-301F-11D3-BF4B-00C04F79EFBC}") = "AdventOfCodeDay01_pt02", "AdventOfCodeDay01_pt02\AdventOfCodeDay01_pt02.csproj", "{249676A6-A669-4046-8126-480E6785A0D5}"
EndProject
Global
	GlobalSection(SolutionConfigurationPlatforms) = preSolution
		Debug|Any CPU = Debug|Any CPU
		Release|Any CPU = Release|Any CPU
	EndGlobalSection
	GlobalSection(ProjectConfigurationPlatforms) = postSolution
		{249676A6-A669-4046-8126-480E6785A0D5}.Debug|Any CPU.ActiveCfg = Debug|Any CPU
		{249676A6-A669-4046-8126-480E6785A0D5}.Debug|Any CPU.Build.0 = Debug|Any CPU
		{249676A6-A669-4046-8126-480E6785A0D5}.Release|Any CPU.ActiveCfg = Release|Any CPU
		{249676A6-A669-4046-8126-480E6785A0D5}.Release|Any CPU.Build.0 = Release|Any CPU
	EndGlobalSection
	GlobalSection(SolutionProperties) = preSolution
		HideSolutionNode = FALSE
	EndGlobalSection
	GlobalSection(ExtensibilityGlobals) = postSolution
		SolutionGuid = {C13875D6-3903-4621-AA1E-29F5D290C5A9}
	EndGlobalSection
EndGlobal
